PODS:
  - AFNetworking (2.5.4):
    - AFNetworking/NSURLConnection (= 2.5.4)
    - AFNetworking/NSURLSession (= 2.5.4)
    - AFNetworking/Reachability (= 2.5.4)
    - AFNetworking/Security (= 2.5.4)
    - AFNetworking/Serialization (= 2.5.4)
    - AFNetworking/UIKit (= 2.5.4)
  - AFNetworking/NSURLConnection (2.5.4):
    - AFNetworking/Reachability
    - AFNetworking/Security
    - AFNetworking/Serialization
  - AFNetworking/NSURLSession (2.5.4):
    - AFNetworking/Reachability
    - AFNetworking/Security
    - AFNetworking/Serialization
  - AFNetworking/Reachability (2.5.4)
  - AFNetworking/Security (2.5.4)
  - AFNetworking/Serialization (2.5.4)
  - AFNetworking/UIKit (2.5.4):
    - AFNetworking/NSURLConnection
    - AFNetworking/NSURLSession
  - AVOSCloudCrashReportingDynamic (3.1.5.1):
    - AVOSCloudDynamic
  - AVOSCloudDynamic (3.1.5.1)
  - AVOSCloudIMDynamic (3.1.5.1):
    - AVOSCloudDynamic
  - MJRefresh (2.4.12)

DEPENDENCIES:
  - AFNetworking (~> 2.5.4)
  - AVOSCloudCrashReportingDynamic
  - AVOSCloudDynamic
  - AVOSCloudIMDynamic
  - MJRefresh

SPEC CHECKSUMS:
  AFNetworking: 05edc0ac4c4c8cf57bcf4b84be5b0744b6d8e71e
  AVOSCloudCrashReportingDynamic: 5e6a02f9015073e5d26af8b56200167ba76043e2
  AVOSCloudDynamic: 838b94a200f333f199c48a8ef8dd42ff18cd6587
  AVOSCloudIMDynamic: 01ebea047a1a0731ba38a65d5b656e3fb10172f5
  MJRefresh: ca8e9589895977df32d379d46e6b8a5450b3ff44

COCOAPODS: 0.38.2
