PODS:
  - AFNetworking (2.5.4):
    - AFNetworking/NSURLConnection (= 2.5.4)
    - AFNetworking/NSURLSession (= 2.5.4)
    - AFNetworking/Reachability (= 2.5.4)
    - AFNetworking/Security (= 2.5.4)
    - AFNetworking/Serialization (= 2.5.4)
    - AFNetworking/UIKit (= 2.5.4)
  - AFNetworking/NSURLConnection (2.5.4):
    - AFNetworking/Reachability
    - AFNetworking/Security
    - AFNetworking/Serialization
  - AFNetworking/NSURLSession (2.5.4):
    - AFNetworking/Reachability
    - AFNetworking/Security
    - AFNetworking/Serialization
  - AFNetworking/Reachability (2.5.4)
  - AFNetworking/Security (2.5.4)
  - AFNetworking/Serialization (2.5.4)
  - AFNetworking/UIKit (2.5.4):
    - AFNetworking/NSURLConnection
    - AFNetworking/NSURLSession
  - AVOSCloudCrashReportingDynamic (3.1.4):
    - AVOSCloudDynamic
  - AVOSCloudDynamic (3.1.4)
  - AVOSCloudIMDynamic (3.1.4):
    - AVOSCloudDynamic

DEPENDENCIES:
  - AFNetworking (~> 2.5.4)
  - AVOSCloudCrashReportingDynamic
  - AVOSCloudDynamic
  - AVOSCloudIMDynamic

SPEC CHECKSUMS:
  AFNetworking: 05edc0ac4c4c8cf57bcf4b84be5b0744b6d8e71e
  AVOSCloudCrashReportingDynamic: 76a45b78a8d7db7b6b581e5bf08127b97704a4c5
  AVOSCloudDynamic: b09073546d04ebec29a84845f2373fa131279bd0
  AVOSCloudIMDynamic: 2a7e75fa191b0c8ae8f914e92a22c995579d5315

COCOAPODS: 0.38.2
